
Microsoft Visual Studio Solution File, Format Version 12.00
# Visual Studio Version 16
VisualStudioVersion = 16.0.32106.194
MinimumVisualStudioVersion = 10.0.40219.1
Project("{9A19103F-16F7-4668-BE54-9A1E7A4F7556}") = "CRUDProject5", "CRUDProject5\CRUDProject5.csproj", "{AADBD715-794D-49B4-A35E-03DC1829A9B3}"
EndProject
Global
	GlobalSection(SolutionConfigurationPlatforms) = preSolution
		Debug|Any CPU = Debug|Any CPU
		Release|Any CPU = Release|Any CPU
	EndGlobalSection
	GlobalSection(ProjectConfigurationPlatforms) = postSolution
		{AADBD715-794D-49B4-A35E-03DC1829A9B3}.Debug|Any CPU.ActiveCfg = Debug|Any CPU
		{AADBD715-794D-49B4-A35E-03DC1829A9B3}.Debug|Any CPU.Build.0 = Debug|Any CPU
		{AADBD715-794D-49B4-A35E-03DC1829A9B3}.Release|Any CPU.ActiveCfg = Release|Any CPU
		{AADBD715-794D-49B4-A35E-03DC1829A9B3}.Release|Any CPU.Build.0 = Release|Any CPU
	EndGlobalSection
	GlobalSection(SolutionProperties) = preSolution
		HideSolutionNode = FALSE
	EndGlobalSection
	GlobalSection(ExtensibilityGlobals) = postSolution
		SolutionGuid = {BC4E52ED-7DEE-44EA-9644-A59FB33E8DAD}
	EndGlobalSection
EndGlobal
